
Microsoft Visual Studio Solution File, Format Version 12.00
# Visual Studio Version 16
VisualStudioVersion = 16.0.29613.14
MinimumVisualStudioVersion = 10.0.40219.1
Project("{FAE04EC0-301F-11D3-BF4B-00C04F79EFBC}") = "J2H", "J2H\J2H.csproj", "{1278BBC5-E87D-4340-9AD2-2EDC0640247A}"
EndProject
Global
	GlobalSection(SolutionConfigurationPlatforms) = preSolution
		Debug|Any CPU = Debug|Any CPU
		Release|Any CPU = Release|Any CPU
	EndGlobalSection
	GlobalSection(ProjectConfigurationPlatforms) = postSolution
		{1278BBC5-E87D-4340-9AD2-2EDC0640247A}.Debug|Any CPU.ActiveCfg = Debug|Any CPU
		{1278BBC5-E87D-4340-9AD2-2EDC0640247A}.Debug|Any CPU.Build.0 = Debug|Any CPU
		{1278BBC5-E87D-4340-9AD2-2EDC0640247A}.Release|Any CPU.ActiveCfg = Release|Any CPU
		{1278BBC5-E87D-4340-9AD2-2EDC0640247A}.Release|Any CPU.Build.0 = Release|Any CPU
	EndGlobalSection
	GlobalSection(SolutionProperties) = preSolution
		HideSolutionNode = FALSE
	EndGlobalSection
	GlobalSection(ExtensibilityGlobals) = postSolution
		SolutionGuid = {A2A61F96-D441-4E2E-BD3A-A4E7605A2554}
	EndGlobalSection
EndGlobal
